{
  "name": "Axiom",
  "lockfileVersion": 3,
  "requires": true,
  "packages": {
    "": {
      "dependencies": {
        "plotly.js-basic-dist-min": "^3.7.0"
      }
    },
    "node_modules/plotly.js-basic-dist-min": {
      "version": "3.7.0",
      "resolved": "https://registry.npmjs.org/plotly.js-basic-dist-min/-/plotly.js-basic-dist-min-3.7.0.tgz",
      "integrity": "sha512-84KPQhLTrO5IHu6DCte2KwA4bzSoVIdIs3uDPWid3sgeTX8L5RjpDARjCG3spgOwQ8MYE8PL+MeQ0DQRWA1Emw==",
      "license": "MIT"
    }
  }
}
